dependencies:
- name: redpanda
  repository: ""
  version: 0.1.0
- name: clickhouse
  repository: ""
  version: 0.1.0
- name: serve
  repository: ""
  version: 0.1.0
- name: pipeline
  repository: ""
  version: 0.1.0
- name: mitigation
  repository: ""
  version: 0.1.0
- name: ingress-nginx
  repository: https://kubernetes.github.io/ingress-nginx
  version: 4.11.3
- name: frontend
  repository: ""
  version: 0.1.0
- name: upf-sim
  repository: ""
  version: 0.1.0
- name: analysis
  repository: ""
  version: 0.1.0
- name: chronos
  repository: ""
  version: 0.1.0
digest: sha256:504512cd19c9542554d1f1c2a91557a345e796b86e44679d6e28e4ba92620bc9
generated: "2026-07-10T14:57:44.757314862+05:30"
